
Microsoft Visual Studio Solution File, Format Version 12.00
# Visual Studio 15
Project("{FAE04EC0-301F-11D3-BF4B-00C04F79EFBC}") = "ReactiveUILIst.Android", "ReactiveUILIst.Android\ReactiveUILIst.Android.csproj", "{071A7838-44FA-4419-B60C-94F26674B569}"
EndProject
Project("{FAE04EC0-301F-11D3-BF4B-00C04F79EFBC}") = "ReactiveUILIst.iOS", "ReactiveUILIst.iOS\ReactiveUILIst.iOS.csproj", "{1128870E-0131-42A8-8E4F-6DCCDC2006C1}"
EndProject
Project("{FAE04EC0-301F-11D3-BF4B-00C04F79EFBC}") = "ReactiveUILIst", "ReactiveUILIst\ReactiveUILIst.csproj", "{FEB3BD46-2ECA-4FE7-A2D8-CA394C7124AE}"
EndProject
Global
	GlobalSection(SolutionConfigurationPlatforms) = preSolution
		Debug|Any CPU = Debug|Any CPU
		Release|Any CPU = Release|Any CPU
		Debug|iPhoneSimulator = Debug|iPhoneSimulator
		Release|iPhoneSimulator = Release|iPhoneSimulator
		Debug|iPhone = Debug|iPhone
		Release|iPhone = Release|iPhone
	EndGlobalSection
	GlobalSection(ProjectConfigurationPlatforms) = postSolution
		{071A7838-44FA-4419-B60C-94F26674B569}.Debug|Any CPU.ActiveCfg = Debug|Any CPU
		{071A7838-44FA-4419-B60C-94F26674B569}.Debug|Any CPU.Build.0 = Debug|Any CPU
		{071A7838-44FA-4419-B60C-94F26674B569}.Release|Any CPU.ActiveCfg = Release|Any CPU
		{071A7838-44FA-4419-B60C-94F26674B569}.Release|Any CPU.Build.0 = Release|Any CPU
		{071A7838-44FA-4419-B60C-94F26674B569}.Debug|iPhoneSimulator.ActiveCfg = Debug|Any CPU
		{071A7838-44FA-4419-B60C-94F26674B569}.Debug|iPhoneSimulator.Build.0 = Debug|Any CPU
		{071A7838-44FA-4419-B60C-94F26674B569}.Release|iPhoneSimulator.ActiveCfg = Release|Any CPU
		{071A7838-44FA-4419-B60C-94F26674B569}.Release|iPhoneSimulator.Build.0 = Release|Any CPU
		{071A7838-44FA-4419-B60C-94F26674B569}.Debug|iPhone.ActiveCfg = Debug|Any CPU
		{071A7838-44FA-4419-B60C-94F26674B569}.Debug|iPhone.Build.0 = Debug|Any CPU
		{071A7838-44FA-4419-B60C-94F26674B569}.Release|iPhone.ActiveCfg = Release|Any CPU
		{071A7838-44FA-4419-B60C-94F26674B569}.Release|iPhone.Build.0 = Release|Any CPU
		{1128870E-0131-42A8-8E4F-6DCCDC2006C1}.Debug|Any CPU.ActiveCfg = Debug|iPhoneSimulator
		{1128870E-0131-42A8-8E4F-6DCCDC2006C1}.Debug|Any CPU.Build.0 = Debug|iPhoneSimulator
		{1128870E-0131-42A8-8E4F-6DCCDC2006C1}.Release|Any CPU.ActiveCfg = Release|iPhoneSimulator
		{1128870E-0131-42A8-8E4F-6DCCDC2006C1}.Release|Any CPU.Build.0 = Release|iPhoneSimulator
		{1128870E-0131-42A8-8E4F-6DCCDC2006C1}.Debug|iPhoneSimulator.ActiveCfg = Debug|iPhoneSimulator
		{1128870E-0131-42A8-8E4F-6DCCDC2006C1}.Debug|iPhoneSimulator.Build.0 = Debug|iPhoneSimulator
		{1128870E-0131-42A8-8E4F-6DCCDC2006C1}.Release|iPhoneSimulator.ActiveCfg = Release|iPhoneSimulator
		{1128870E-0131-42A8-8E4F-6DCCDC2006C1}.Release|iPhoneSimulator.Build.0 = Release|iPhoneSimulator
		{1128870E-0131-42A8-8E4F-6DCCDC2006C1}.Debug|iPhone.ActiveCfg = Debug|iPhone
		{1128870E-0131-42A8-8E4F-6DCCDC2006C1}.Debug|iPhone.Build.0 = Debug|iPhone
		{1128870E-0131-42A8-8E4F-6DCCDC2006C1}.Release|iPhone.ActiveCfg = Release|iPhone
		{1128870E-0131-42A8-8E4F-6DCCDC2006C1}.Release|iPhone.Build.0 = Release|iPhone
		{FEB3BD46-2ECA-4FE7-A2D8-CA394C7124AE}.Debug|Any CPU.ActiveCfg = Debug|Any CPU
		{FEB3BD46-2ECA-4FE7-A2D8-CA394C7124AE}.Debug|Any CPU.Build.0 = Debug|Any CPU
		{FEB3BD46-2ECA-4FE7-A2D8-CA394C7124AE}.Release|Any CPU.ActiveCfg = Release|Any CPU
		{FEB3BD46-2ECA-4FE7-A2D8-CA394C7124AE}.Release|Any CPU.Build.0 = Release|Any CPU
		{FEB3BD46-2ECA-4FE7-A2D8-CA394C7124AE}.Debug|iPhoneSimulator.ActiveCfg = Debug|Any CPU
		{FEB3BD46-2ECA-4FE7-A2D8-CA394C7124AE}.Debug|iPhoneSimulator.Build.0 = Debug|Any CPU
		{FEB3BD46-2ECA-4FE7-A2D8-CA394C7124AE}.Release|iPhoneSimulator.ActiveCfg = Release|Any CPU
		{FEB3BD46-2ECA-4FE7-A2D8-CA394C7124AE}.Release|iPhoneSimulator.Build.0 = Release|Any CPU
		{FEB3BD46-2ECA-4FE7-A2D8-CA394C7124AE}.Debug|iPhone.ActiveCfg = Debug|Any CPU
		{FEB3BD46-2ECA-4FE7-A2D8-CA394C7124AE}.Debug|iPhone.Build.0 = Debug|Any CPU
		{FEB3BD46-2ECA-4FE7-A2D8-CA394C7124AE}.Release|iPhone.ActiveCfg = Release|Any CPU
		{FEB3BD46-2ECA-4FE7-A2D8-CA394C7124AE}.Release|iPhone.Build.0 = Release|Any CPU
	EndGlobalSection
EndGlobal
